
Microsoft Visual Studio Solution File, Format Version 12.00
# Visual Studio Version 17
VisualStudioVersion = 17.5.33424.131
MinimumVisualStudioVersion = 10.0.40219.1
Project("{FAE04EC0-301F-11D3-BF4B-00C04F79EFBC}") = "OpenAIChatGpt", "OpenAIChatGpt\OpenAIChatGpt.csproj", "{DDFE7A80-6FF4-46D5-A7DC-5D5F701623E7}"
EndProject
Global
	GlobalSection(SolutionConfigurationPlatforms) = preSolution
		Debug|Any CPU = Debug|Any CPU
		Release|Any CPU = Release|Any CPU
	EndGlobalSection
	GlobalSection(ProjectConfigurationPlatforms) = postSolution
		{DDFE7A80-6FF4-46D5-A7DC-5D5F701623E7}.Debug|Any CPU.ActiveCfg = Debug|Any CPU
		{DDFE7A80-6FF4-46D5-A7DC-5D5F701623E7}.Debug|Any CPU.Build.0 = Debug|Any CPU
		{DDFE7A80-6FF4-46D5-A7DC-5D5F701623E7}.Release|Any CPU.ActiveCfg = Release|Any CPU
		{DDFE7A80-6FF4-46D5-A7DC-5D5F701623E7}.Release|Any CPU.Build.0 = Release|Any CPU
	EndGlobalSection
	GlobalSection(SolutionProperties) = preSolution
		HideSolutionNode = FALSE
	EndGlobalSection
	GlobalSection(ExtensibilityGlobals) = postSolution
		SolutionGuid = {F07C1D12-FD16-43A1-BA60-58F8915DD60F}
	EndGlobalSection
EndGlobal
